
Microsoft Visual Studio Solution File, Format Version 12.00
# Visual Studio Version 16
VisualStudioVersion = 16.0.33027.164
MinimumVisualStudioVersion = 10.0.40219.1
Project("{FAE04EC0-301F-11D3-BF4B-00C04F79EFBC}") = "DELIVERY_GO_MOTORS", "DELIVERY_GO_MOTORS\DELIVERY_GO_MOTORS.csproj", "{C6B9D729-06E4-47D1-899D-7CD2343849AE}"
EndProject
Global
	GlobalSection(SolutionConfigurationPlatforms) = preSolution
		Debug|Any CPU = Debug|Any CPU
		Release|Any CPU = Release|Any CPU
	EndGlobalSection
	GlobalSection(ProjectConfigurationPlatforms) = postSolution
		{C6B9D729-06E4-47D1-899D-7CD2343849AE}.Debug|Any CPU.ActiveCfg = Debug|Any CPU
		{C6B9D729-06E4-47D1-899D-7CD2343849AE}.Debug|Any CPU.Build.0 = Debug|Any CPU
		{C6B9D729-06E4-47D1-899D-7CD2343849AE}.Release|Any CPU.ActiveCfg = Release|Any CPU
		{C6B9D729-06E4-47D1-899D-7CD2343849AE}.Release|Any CPU.Build.0 = Release|Any CPU
	EndGlobalSection
	GlobalSection(SolutionProperties) = preSolution
		HideSolutionNode = FALSE
	EndGlobalSection
	GlobalSection(ExtensibilityGlobals) = postSolution
		SolutionGuid = {CFBB57A9-3CAD-44CE-AEA0-E84F34F928FC}
	EndGlobalSection
EndGlobal
